# This file is automatically @generated by Cargo.
# It is not intended for manual editing.
version = 4

[[package]]
name = "action-space"
version = "0.1.0"

[[package]]
name = "core-types"
version = "0.1.0"

[[package]]
name = "encoder"
version = "0.1.0"

[[package]]
name = "engine-app"
version = "0.1.0"

[[package]]
name = "eval-metrics"
version = "0.1.0"

[[package]]
name = "inference"
version = "0.1.0"

[[package]]
name = "planner"
version = "0.1.0"

[[package]]
name = "position"
version = "0.1.0"
dependencies = [
 "core-types",
]

[[package]]
name = "rules"
version = "0.1.0"
dependencies = [
 "core-types",
 "position",
]

[[package]]
name = "selfplay"
version = "0.1.0"

[[package]]
name = "tools"
version = "0.1.0"

[[package]]
name = "uci-protocol"
version = "0.1.0"
